
Microsoft Visual Studio Solution File, Format Version 12.00
# Visual Studio 15
VisualStudioVersion = 15.0.28307.102
MinimumVisualStudioVersion = 10.0.40219.1
Project("{FAE04EC0-301F-11D3-BF4B-00C04F79EFBC}") = "RealTimeTasks.Web", "RealTimeTasks.Web\RealTimeTasks.Web.csproj", "{3831CD9F-1C54-46A9-98F1-CFF7D0978AC6}"
EndProject
Project("{FAE04EC0-301F-11D3-BF4B-00C04F79EFBC}") = "RealTimeTasks.Data", "RealTimeTasks.Data\RealTimeTasks.Data.csproj", "{D5EA95AE-5113-4926-98E9-71D0A025AAAE}"
EndProject
Global
	GlobalSection(SolutionConfigurationPlatforms) = preSolution
		Debug|Any CPU = Debug|Any CPU
		Release|Any CPU = Release|Any CPU
	EndGlobalSection
	GlobalSection(ProjectConfigurationPlatforms) = postSolution
		{3831CD9F-1C54-46A9-98F1-CFF7D0978AC6}.Debug|Any CPU.ActiveCfg = Debug|Any CPU
		{3831CD9F-1C54-46A9-98F1-CFF7D0978AC6}.Debug|Any CPU.Build.0 = Debug|Any CPU
		{3831CD9F-1C54-46A9-98F1-CFF7D0978AC6}.Release|Any CPU.ActiveCfg = Release|Any CPU
		{3831CD9F-1C54-46A9-98F1-CFF7D0978AC6}.Release|Any CPU.Build.0 = Release|Any CPU
		{D5EA95AE-5113-4926-98E9-71D0A025AAAE}.Debug|Any CPU.ActiveCfg = Debug|Any CPU
		{D5EA95AE-5113-4926-98E9-71D0A025AAAE}.Debug|Any CPU.Build.0 = Debug|Any CPU
		{D5EA95AE-5113-4926-98E9-71D0A025AAAE}.Release|Any CPU.ActiveCfg = Release|Any CPU
		{D5EA95AE-5113-4926-98E9-71D0A025AAAE}.Release|Any CPU.Build.0 = Release|Any CPU
	EndGlobalSection
	GlobalSection(SolutionProperties) = preSolution
		HideSolutionNode = FALSE
	EndGlobalSection
	GlobalSection(ExtensibilityGlobals) = postSolution
		SolutionGuid = {118E75B7-A41E-4245-86A0-E0F01D1A5E67}
	EndGlobalSection
EndGlobal
